{
  "name": "widok-slider",
  "version": "1.0.0",
  "lockfileVersion": 1,
  "requires": true,
  "dependencies": {
    "cash-dom": {
      "version": "8.1.0",
      "resolved": "https://registry.npmjs.org/cash-dom/-/cash-dom-8.1.0.tgz",
      "integrity": "sha512-QTa50rFuPaX8klEDEbwLr+jVutwpvZEBQ0NpMMyng+je7gNe9Bz/JsOLHIG24tvNSSSIN/Q1QD0bnF6PQzWKHA=="
    },
    "widok-hoverable": {
      "version": "github:weterynarzfred/widok-hoverable#47896a873fe3495b79dbd6b57c9002e6d80fb942",
      "from": "github:weterynarzfred/widok-hoverable",
      "requires": {
        "cash-dom": "^8.1.0"
      }
    }
  }
}
